
Microsoft Visual Studio Solution File, Format Version 12.00
# Visual Studio 15
VisualStudioVersion = 15.0.26403.3
MinimumVisualStudioVersion = 10.0.40219.1
Project("{FAE04EC0-301F-11D3-BF4B-00C04F79EFBC}") = "ontaplab2_final", "ontaplab2_final\ontaplab2_final.csproj", "{96012782-7124-444A-9152-D16D053DBF3D}"
EndProject
Project("{FAE04EC0-301F-11D3-BF4B-00C04F79EFBC}") = "ontaplab2_semifinal", "ontaplab2_semifinal\ontaplab2_semifinal.csproj", "{EA37AE61-B97F-46FF-B8CA-722DFEA77698}"
EndProject
Global
	GlobalSection(SolutionConfigurationPlatforms) = preSolution
		Debug|Any CPU = Debug|Any CPU
		Release|Any CPU = Release|Any CPU
	EndGlobalSection
	GlobalSection(ProjectConfigurationPlatforms) = postSolution
		{96012782-7124-444A-9152-D16D053DBF3D}.Debug|Any CPU.ActiveCfg = Debug|Any CPU
		{96012782-7124-444A-9152-D16D053DBF3D}.Debug|Any CPU.Build.0 = Debug|Any CPU
		{96012782-7124-444A-9152-D16D053DBF3D}.Release|Any CPU.ActiveCfg = Release|Any CPU
		{96012782-7124-444A-9152-D16D053DBF3D}.Release|Any CPU.Build.0 = Release|Any CPU
		{EA37AE61-B97F-46FF-B8CA-722DFEA77698}.Debug|Any CPU.ActiveCfg = Debug|Any CPU
		{EA37AE61-B97F-46FF-B8CA-722DFEA77698}.Debug|Any CPU.Build.0 = Debug|Any CPU
		{EA37AE61-B97F-46FF-B8CA-722DFEA77698}.Release|Any CPU.ActiveCfg = Release|Any CPU
		{EA37AE61-B97F-46FF-B8CA-722DFEA77698}.Release|Any CPU.Build.0 = Release|Any CPU
	EndGlobalSection
	GlobalSection(SolutionProperties) = preSolution
		HideSolutionNode = FALSE
	EndGlobalSection
EndGlobal
