
Microsoft Visual Studio Solution File, Format Version 12.00
# Visual Studio 15
VisualStudioVersion = 15.0.26403.3
MinimumVisualStudioVersion = 10.0.40219.1
Project("{E24C65DC-7377-472B-9ABA-BC803B73C61A}") = "mairala-one-page-corporate-agency-template", "..\..\..\Mairala Free Website Template - Free-CSS.com\mairala-one-page-corporate-agency-template\", "{B025A37C-2E75-4402-9B7B-D190C0706648}"
	ProjectSection(WebsiteProperties) = preProject
		TargetFrameworkMoniker = ".NETFramework,Version%3Dv4.0"
		Debug.AspNetCompiler.VirtualPath = "/localhost_50953"
		Debug.AspNetCompiler.PhysicalPath = "..\..\..\Mairala Free Website Template - Free-CSS.com\mairala-one-page-corporate-agency-template\"
		Debug.AspNetCompiler.TargetPath = "PrecompiledWeb\localhost_50953\"
		Debug.AspNetCompiler.Updateable = "true"
		Debug.AspNetCompiler.ForceOverwrite = "true"
		Debug.AspNetCompiler.FixedNames = "false"
		Debug.AspNetCompiler.Debug = "True"
		Release.AspNetCompiler.VirtualPath = "/localhost_50953"
		Release.AspNetCompiler.PhysicalPath = "..\..\..\Mairala Free Website Template - Free-CSS.com\mairala-one-page-corporate-agency-template\"
		Release.AspNetCompiler.TargetPath = "PrecompiledWeb\localhost_50953\"
		Release.AspNetCompiler.Updateable = "true"
		Release.AspNetCompiler.ForceOverwrite = "true"
		Release.AspNetCompiler.FixedNames = "false"
		Release.AspNetCompiler.Debug = "False"
		VWDPort = "50953"
		SlnRelativePath = "..\..\..\Mairala Free Website Template - Free-CSS.com\mairala-one-page-corporate-agency-template\"
	EndProjectSection
EndProject
Global
	GlobalSection(SolutionConfigurationPlatforms) = preSolution
		Debug|Any CPU = Debug|Any CPU
	EndGlobalSection
	GlobalSection(ProjectConfigurationPlatforms) = postSolution
		{B025A37C-2E75-4402-9B7B-D190C0706648}.Debug|Any CPU.ActiveCfg = Debug|Any CPU
		{B025A37C-2E75-4402-9B7B-D190C0706648}.Debug|Any CPU.Build.0 = Debug|Any CPU
	EndGlobalSection
	GlobalSection(SolutionProperties) = preSolution
		HideSolutionNode = FALSE
	EndGlobalSection
EndGlobal
