
Microsoft Visual Studio Solution File, Format Version 12.00
# Visual Studio 15
VisualStudioVersion = 15.0.26403.3
MinimumVisualStudioVersion = 10.0.40219.1
Project("{E24C65DC-7377-472B-9ABA-BC803B73C61A}") = "Myweb3", "..\..\..\Myweb3\", "{B5FEDD74-621E-467B-9211-C980575BAB63}"
	ProjectSection(WebsiteProperties) = preProject
		TargetFrameworkMoniker = ".NETFramework,Version%3Dv4.0"
		Debug.AspNetCompiler.VirtualPath = "/localhost_56508"
		Debug.AspNetCompiler.PhysicalPath = "..\..\..\Myweb3\"
		Debug.AspNetCompiler.TargetPath = "PrecompiledWeb\localhost_56508\"
		Debug.AspNetCompiler.Updateable = "true"
		Debug.AspNetCompiler.ForceOverwrite = "true"
		Debug.AspNetCompiler.FixedNames = "false"
		Debug.AspNetCompiler.Debug = "True"
		Release.AspNetCompiler.VirtualPath = "/localhost_56508"
		Release.AspNetCompiler.PhysicalPath = "..\..\..\Myweb3\"
		Release.AspNetCompiler.TargetPath = "PrecompiledWeb\localhost_56508\"
		Release.AspNetCompiler.Updateable = "true"
		Release.AspNetCompiler.ForceOverwrite = "true"
		Release.AspNetCompiler.FixedNames = "false"
		Release.AspNetCompiler.Debug = "False"
		VWDPort = "56508"
		SlnRelativePath = "..\..\..\Myweb3\"
	EndProjectSection
EndProject
Global
	GlobalSection(SolutionConfigurationPlatforms) = preSolution
		Debug|Any CPU = Debug|Any CPU
	EndGlobalSection
	GlobalSection(ProjectConfigurationPlatforms) = postSolution
		{B5FEDD74-621E-467B-9211-C980575BAB63}.Debug|Any CPU.ActiveCfg = Debug|Any CPU
		{B5FEDD74-621E-467B-9211-C980575BAB63}.Debug|Any CPU.Build.0 = Debug|Any CPU
	EndGlobalSection
	GlobalSection(SolutionProperties) = preSolution
		HideSolutionNode = FALSE
	EndGlobalSection
EndGlobal
