
Microsoft Visual Studio Solution File, Format Version 12.00
# Visual Studio 15
VisualStudioVersion = 15.0.26403.3
MinimumVisualStudioVersion = 10.0.40219.1
Project("{E24C65DC-7377-472B-9ABA-BC803B73C61A}") = "PhamXuanThang_1510251_CTK39", "..\..\WebSites\PhamXuanThang_1510251_CTK39\", "{2CCF2F06-9DE8-4648-B252-50AC49DEC002}"
	ProjectSection(WebsiteProperties) = preProject
		TargetFrameworkMoniker = ".NETFramework,Version%3Dv4.5.2"
		Debug.AspNetCompiler.VirtualPath = "/localhost_49858"
		Debug.AspNetCompiler.PhysicalPath = "..\..\WebSites\PhamXuanThang_1510251_CTK39\"
		Debug.AspNetCompiler.TargetPath = "PrecompiledWeb\localhost_49858\"
		Debug.AspNetCompiler.Updateable = "true"
		Debug.AspNetCompiler.ForceOverwrite = "true"
		Debug.AspNetCompiler.FixedNames = "false"
		Debug.AspNetCompiler.Debug = "True"
		Release.AspNetCompiler.VirtualPath = "/localhost_49858"
		Release.AspNetCompiler.PhysicalPath = "..\..\WebSites\PhamXuanThang_1510251_CTK39\"
		Release.AspNetCompiler.TargetPath = "PrecompiledWeb\localhost_49858\"
		Release.AspNetCompiler.Updateable = "true"
		Release.AspNetCompiler.ForceOverwrite = "true"
		Release.AspNetCompiler.FixedNames = "false"
		Release.AspNetCompiler.Debug = "False"
		VWDPort = "49858"
		SlnRelativePath = "..\..\WebSites\PhamXuanThang_1510251_CTK39\"
		DefaultWebSiteLanguage = "Visual C#"
	EndProjectSection
EndProject
Global
	GlobalSection(SolutionConfigurationPlatforms) = preSolution
		Debug|Any CPU = Debug|Any CPU
	EndGlobalSection
	GlobalSection(ProjectConfigurationPlatforms) = postSolution
		{2CCF2F06-9DE8-4648-B252-50AC49DEC002}.Debug|Any CPU.ActiveCfg = Debug|Any CPU
		{2CCF2F06-9DE8-4648-B252-50AC49DEC002}.Debug|Any CPU.Build.0 = Debug|Any CPU
	EndGlobalSection
	GlobalSection(SolutionProperties) = preSolution
		HideSolutionNode = FALSE
	EndGlobalSection
EndGlobal
